
Microsoft Visual Studio Solution File, Format Version 12.00
# Visual Studio Version 16
VisualStudioVersion = 16.0.29728.190
MinimumVisualStudioVersion = 10.0.40219.1
Project("{FAE04EC0-301F-11D3-BF4B-00C04F79EFBC}") = "BupaDentalTestMOT", "BupaDentalTestMOT\BupaDentalTestMOT.csproj", "{40EB4B63-9E47-4196-A156-C39DF9AAFAB4}"
EndProject
Global
	GlobalSection(SolutionConfigurationPlatforms) = preSolution
		Debug|Any CPU = Debug|Any CPU
		Release|Any CPU = Release|Any CPU
	EndGlobalSection
	GlobalSection(ProjectConfigurationPlatforms) = postSolution
		{40EB4B63-9E47-4196-A156-C39DF9AAFAB4}.Debug|Any CPU.ActiveCfg = Debug|Any CPU
		{40EB4B63-9E47-4196-A156-C39DF9AAFAB4}.Debug|Any CPU.Build.0 = Debug|Any CPU
		{40EB4B63-9E47-4196-A156-C39DF9AAFAB4}.Release|Any CPU.ActiveCfg = Release|Any CPU
		{40EB4B63-9E47-4196-A156-C39DF9AAFAB4}.Release|Any CPU.Build.0 = Release|Any CPU
	EndGlobalSection
	GlobalSection(SolutionProperties) = preSolution
		HideSolutionNode = FALSE
	EndGlobalSection
	GlobalSection(ExtensibilityGlobals) = postSolution
		SolutionGuid = {5A525BAC-8A68-4E90-AC6B-AA073B4CA559}
	EndGlobalSection
EndGlobal
